
Microsoft Visual Studio Solution File, Format Version 12.00
# Visual Studio Version 16
VisualStudioVersion = 16.0.30804.86
MinimumVisualStudioVersion = 10.0.40219.1
Project("{9A19103F-16F7-4668-BE54-9A1E7A4F7556}") = "CamperProject", "CamperProject.csproj", "{91D5F39B-EF60-4406-BFA9-411EE2AFB66A}"
EndProject
Project("{FAE04EC0-301F-11D3-BF4B-00C04F79EFBC}") = "CamperAdmin", "..\CamperAdmin\CamperAdmin.csproj", "{6BE95335-DAD7-4351-A6BE-DA8B638AEC97}"
EndProject
Global
	GlobalSection(SolutionConfigurationPlatforms) = preSolution
		Debug|Any CPU = Debug|Any CPU
		Release|Any CPU = Release|Any CPU
	EndGlobalSection
	GlobalSection(ProjectConfigurationPlatforms) = postSolution
		{91D5F39B-EF60-4406-BFA9-411EE2AFB66A}.Debug|Any CPU.ActiveCfg = Debug|Any CPU
		{91D5F39B-EF60-4406-BFA9-411EE2AFB66A}.Debug|Any CPU.Build.0 = Debug|Any CPU
		{91D5F39B-EF60-4406-BFA9-411EE2AFB66A}.Release|Any CPU.ActiveCfg = Release|Any CPU
		{91D5F39B-EF60-4406-BFA9-411EE2AFB66A}.Release|Any CPU.Build.0 = Release|Any CPU
		{6BE95335-DAD7-4351-A6BE-DA8B638AEC97}.Debug|Any CPU.ActiveCfg = Debug|Any CPU
		{6BE95335-DAD7-4351-A6BE-DA8B638AEC97}.Debug|Any CPU.Build.0 = Debug|Any CPU
		{6BE95335-DAD7-4351-A6BE-DA8B638AEC97}.Release|Any CPU.ActiveCfg = Release|Any CPU
		{6BE95335-DAD7-4351-A6BE-DA8B638AEC97}.Release|Any CPU.Build.0 = Release|Any CPU
	EndGlobalSection
	GlobalSection(SolutionProperties) = preSolution
		HideSolutionNode = FALSE
	EndGlobalSection
	GlobalSection(ExtensibilityGlobals) = postSolution
		SolutionGuid = {06C70188-95A3-447B-A979-3030157AD85F}
	EndGlobalSection
EndGlobal
